// !$*UTF8*$!
{
	archiveVersion = 1;
	classes = {
	};
	objectVersion = 50;
	objects = {

/* Begin PBXBuildFile section */
		EC55FB3322544B6C0092F0BE /* AppDelegate.m in Sources */ = {isa = PBXBuildFile; fileRef = EC55FB3222544B6C0092F0BE /* AppDelegate.m */; };
		EC55FB3622544B6C0092F0BE /* ViewController.m in Sources */ = {isa = PBXBuildFile; fileRef = EC55FB3522544B6C0092F0BE /* ViewController.m */; };
		EC55FB3822544B700092F0BE /* Assets.xcassets in Resources */ = {isa = PBXBuildFile; fileRef = EC55FB3722544B700092F0BE /* Assets.xcassets */; };
		EC55FB3B22544B700092F0BE /* Main.storyboard in Resources */ = {isa = PBXBuildFile; fileRef = EC55FB3922544B700092F0BE /* Main.storyboard */; };
		EC55FB3E22544B700092F0BE /* main.m in Sources */ = {isa = PBXBuildFile; fileRef = EC55FB3D22544B700092F0BE /* main.m */; };
		EC55FBB3225454930092F0BE /* GameboyCore.m in Sources */ = {isa = PBXBuildFile; fileRef = EC55FBB2225454930092F0BE /* GameboyCore.m */; };
		ECC3254C2255A1D900C607F6 /* SDL_config.h.cmake in Resources */ = {isa = PBXBuildFile; fileRef = ECC3251B2255A1D900C607F6 /* SDL_config.h.cmake */; };
		ECC3254D2255A1DA00C607F6 /* SDL_config.h.in in Resources */ = {isa = PBXBuildFile; fileRef = ECC3253E2255A1D900C607F6 /* SDL_config.h.in */; };
		ECC3254E2255A20100C607F6 /* libSDL2.dylib in Frameworks */ = {isa = PBXBuildFile; fileRef = ECC324F22255A1CC00C607F6 /* libSDL2.dylib */; };
/* End PBXBuildFile section */

/* Begin PBXContainerItemProxy section */
		ECC324ED2255A1CC00C607F6 /* PBXContainerItemProxy */ = {
			isa = PBXContainerItemProxy;
			containerPortal = ECC324E62255A1CC00C607F6 /* SDL.xcodeproj */;
			proxyType = 2;
			remoteGlobalIDString = BECDF66C0761BA81005FE872;
			remoteInfo = Framework;
		};
		ECC324EF2255A1CC00C607F6 /* PBXContainerItemProxy */ = {
			isa = PBXContainerItemProxy;
			containerPortal = ECC324E62255A1CC00C607F6 /* SDL.xcodeproj */;
			proxyType = 2;
			remoteGlobalIDString = BECDF6B30761BA81005FE872;
			remoteInfo = "Static Library";
		};
		ECC324F12255A1CC00C607F6 /* PBXContainerItemProxy */ = {
			isa = PBXContainerItemProxy;
			containerPortal = ECC324E62255A1CC00C607F6 /* SDL.xcodeproj */;
			proxyType = 2;
			remoteGlobalIDString = DB31407717554B71006C0E22;
			remoteInfo = "Shared Library";
		};
		ECC324F32255A1CC00C607F6 /* PBXContainerItemProxy */ = {
			isa = PBXContainerItemProxy;
			containerPortal = ECC324E62255A1CC00C607F6 /* SDL.xcodeproj */;
			proxyType = 2;
			remoteGlobalIDString = BECDF6BE0761BA81005FE872;
			remoteInfo = "Standard DMG";
		};
/* End PBXContainerItemProxy section */

/* Begin PBXFileReference section */
		EC55FB2E22544B6C0092F0BE /* Gameboy.app */ = {isa = PBXFileReference; explicitFileType = wrapper.application; includeInIndex = 0; path = Gameboy.app; sourceTree = BUILT_PRODUCTS_DIR; };
		EC55FB3122544B6C0092F0BE /* AppDelegate.h */ = {isa = PBXFileReference; lastKnownFileType = sourcecode.c.h; path = AppDelegate.h; sourceTree = "<group>"; };
		EC55FB3222544B6C0092F0BE /* AppDelegate.m */ = {isa = PBXFileReference; lastKnownFileType = sourcecode.c.objc; path = AppDelegate.m; sourceTree = "<group>"; };
		EC55FB3422544B6C0092F0BE /* ViewController.h */ = {isa = PBXFileReference; lastKnownFileType = sourcecode.c.h; path = ViewController.h; sourceTree = "<group>"; };
		EC55FB3522544B6C0092F0BE /* ViewController.m */ = {isa = PBXFileReference; lastKnownFileType = sourcecode.c.objc; path = ViewController.m; sourceTree = "<group>"; };
		EC55FB3722544B700092F0BE /* Assets.xcassets */ = {isa = PBXFileReference; lastKnownFileType = folder.assetcatalog; path = Assets.xcassets; sourceTree = "<group>"; };
		EC55FB3A22544B700092F0BE /* Base */ = {isa = PBXFileReference; lastKnownFileType = file.storyboard; name = Base; path = Base.lproj/Main.storyboard; sourceTree = "<group>"; };
		EC55FB3C22544B700092F0BE /* Info.plist */ = {isa = PBXFileReference; lastKnownFileType = text.plist.xml; path = Info.plist; sourceTree = "<group>"; };
		EC55FB3D22544B700092F0BE /* main.m */ = {isa = PBXFileReference; lastKnownFileType = sourcecode.c.objc; path = main.m; sourceTree = "<group>"; };
		EC55FB3F22544B700092F0BE /* Gameboy.entitlements */ = {isa = PBXFileReference; lastKnownFileType = text.plist.entitlements; path = Gameboy.entitlements; sourceTree = "<group>"; };
		EC55FBAF225450110092F0BE /* cpu_instrs.gb */ = {isa = PBXFileReference; lastKnownFileType = file; path = cpu_instrs.gb; sourceTree = "<group>"; };
		EC55FBB0225452030092F0BE /* PrefixHeader.pch */ = {isa = PBXFileReference; lastKnownFileType = sourcecode.c.h; path = PrefixHeader.pch; sourceTree = "<group>"; };
		EC55FBB1225454930092F0BE /* GameboyCore.h */ = {isa = PBXFileReference; lastKnownFileType = sourcecode.c.h; path = GameboyCore.h; sourceTree = "<group>"; };
		EC55FBB2225454930092F0BE /* GameboyCore.m */ = {isa = PBXFileReference; lastKnownFileType = sourcecode.c.objc; path = GameboyCore.m; sourceTree = "<group>"; };
		ECC324E62255A1CC00C607F6 /* SDL.xcodeproj */ = {isa = PBXFileReference; lastKnownFileType = "wrapper.pb-project"; name = SDL.xcodeproj; path = "SDL2-2.0.9/Xcode/SDL/SDL.xcodeproj"; sourceTree = SOURCE_ROOT; };
		ECC324F62255A1D900C607F6 /* SDL_opengles2_gl2ext.h */ = {isa = PBXFileReference; fileEncoding = 4; lastKnownFileType = sourcecode.c.h; path = SDL_opengles2_gl2ext.h; sourceTree = "<group>"; };
		ECC324F72255A1D900C607F6 /* SDL_test_random.h */ = {isa = PBXFileReference; fileEncoding = 4; lastKnownFileType = sourcecode.c.h; path = SDL_test_random.h; sourceTree = "<group>"; };
		ECC324F82255A1D900C607F6 /* SDL_power.h */ = {isa = PBXFileReference; fileEncoding = 4; lastKnownFileType = sourcecode.c.h; path = SDL_power.h; sourceTree = "<group>"; };
		ECC324F92255A1D900C607F6 /* SDL_revision.h */ = {isa = PBXFileReference; fileEncoding = 4; lastKnownFileType = sourcecode.c.h; path = SDL_revision.h; sourceTree = "<group>"; };
		ECC324FA2255A1D900C607F6 /* SDL_events.h */ = {isa = PBXFileReference; fileEncoding = 4; lastKnownFileType = sourcecode.c.h; path = SDL_events.h; sourceTree = "<group>"; };
		ECC324FB2255A1D900C607F6 /* SDL_clipboard.h */ = {isa = PBXFileReference; fileEncoding = 4; lastKnownFileType = sourcecode.c.h; path = SDL_clipboard.h; sourceTree = "<group>"; };
		ECC324FC2255A1D900C607F6 /* SDL_haptic.h */ = {isa = PBXFileReference; fileEncoding = 4; lastKnownFileType = sourcecode.c.h; path = SDL_haptic.h; sourceTree = "<group>"; };
		ECC324FD2255A1D900C607F6 /* SDL_test.h */ = {isa = PBXFileReference; fileEncoding = 4; lastKnownFileType = sourcecode.c.h; path = SDL_test.h; sourceTree = "<group>"; };
		ECC324FE2255A1D900C607F6 /* SDL_test_assert.h */ = {isa = PBXFileReference; fileEncoding = 4; lastKnownFileType = sourcecode.c.h; path = SDL_test_assert.h; sourceTree = "<group>"; };
		ECC324FF2255A1D900C607F6 /* SDL_endian.h */ = {isa = PBXFileReference; fileEncoding = 4; lastKnownFileType = sourcecode.c.h; path = SDL_endian.h; sourceTree = "<group>"; };
		ECC325002255A1D900C607F6 /* SDL_error.h */ = {isa = PBXFileReference; fileEncoding = 4; lastKnownFileType = sourcecode.c.h; path = SDL_error.h; sourceTree = "<group>"; };
		ECC325012255A1D900C607F6 /* begin_code.h */ = {isa = PBXFileReference; fileEncoding = 4; lastKnownFileType = sourcecode.c.h; path = begin_code.h; sourceTree = "<group>"; };
		ECC325022255A1D900C607F6 /* SDL_types.h */ = {isa = PBXFileReference; fileEncoding = 4; lastKnownFileType = sourcecode.c.h; path = SDL_types.h; sourceTree = "<group>"; };
		ECC325032255A1D900C607F6 /* SDL_keycode.h */ = {isa = PBXFileReference; fileEncoding = 4; lastKnownFileType = sourcecode.c.h; path = SDL_keycode.h; sourceTree = "<group>"; };
		ECC325042255A1D900C607F6 /* SDL_keyboard.h */ = {isa = PBXFileReference; fileEncoding = 4; lastKnownFileType = sourcecode.c.h; path = SDL_keyboard.h; sourceTree = "<group>"; };
		ECC325052255A1D900C607F6 /* SDL_config_psp.h */ = {isa = PBXFileReference; fileEncoding = 4; lastKnownFileType = sourcecode.c.h; path = SDL_config_psp.h; sourceTree = "<group>"; };
		ECC325062255A1D900C607F6 /* SDL_opengl_glext.h */ = {isa = PBXFileReference; fileEncoding = 4; lastKnownFileType = sourcecode.c.h; path = SDL_opengl_glext.h; sourceTree = "<group>"; };
		ECC325072255A1D900C607F6 /* SDL_config_pandora.h */ = {isa = PBXFileReference; fileEncoding = 4; lastKnownFileType = sourcecode.c.h; path = SDL_config_pandora.h; sourceTree = "<group>"; };
		ECC325082255A1D900C607F6 /* SDL_test_crc32.h */ = {isa = PBXFileReference; fileEncoding = 4; lastKnownFileType = sourcecode.c.h; path = SDL_test_crc32.h; sourceTree = "<group>"; };
		ECC325092255A1D900C607F6 /* SDL_test_font.h */ = {isa = PBXFileReference; fileEncoding = 4; lastKnownFileType = sourcecode.c.h; path = SDL_test_font.h; sourceTree = "<group>"; };
		ECC3250A2255A1D900C607F6 /* SDL_test_log.h */ = {isa = PBXFileReference; fileEncoding = 4; lastKnownFileType = sourcecode.c.h; path = SDL_test_log.h; sourceTree = "<group>"; };
		ECC3250B2255A1D900C607F6 /* SDL_egl.h */ = {isa = PBXFileReference; fileEncoding = 4; lastKnownFileType = sourcecode.c.h; path = SDL_egl.h; sourceTree = "<group>"; };
		ECC3250C2255A1D900C607F6 /* SDL_vulkan.h */ = {isa = PBXFileReference; fileEncoding = 4; lastKnownFileType = sourcecode.c.h; path = SDL_vulkan.h; sourceTree = "<group>"; };
		ECC3250D2255A1D900C607F6 /* SDL_test_memory.h */ = {isa = PBXFileReference; fileEncoding = 4; lastKnownFileType = sourcecode.c.h; path = SDL_test_memory.h; sourceTree = "<group>"; };
		ECC3250E2255A1D900C607F6 /* SDL_main.h */ = {isa = PBXFileReference; fileEncoding = 4; lastKnownFileType = sourcecode.c.h; path = SDL_main.h; sourceTree = "<group>"; };
		ECC3250F2255A1D900C607F6 /* SDL_stdinc.h */ = {isa = PBXFileReference; fileEncoding = 4; lastKnownFileType = sourcecode.c.h; path = SDL_stdinc.h; sourceTree = "<group>"; };
		ECC325102255A1D900C607F6 /* SDL_scancode.h */ = {isa = PBXFileReference; fileEncoding = 4; lastKnownFileType = sourcecode.c.h; path = SDL_scancode.h; sourceTree = "<group>"; };
		ECC325112255A1D900C607F6 /* SDL_quit.h */ = {isa = PBXFileReference; fileEncoding = 4; lastKnownFileType = sourcecode.c.h; path = SDL_quit.h; sourceTree = "<group>"; };
		ECC325122255A1D900C607F6 /* SDL_config_android.h */ = {isa = PBXFileReference; fileEncoding = 4; lastKnownFileType = sourcecode.c.h; path = SDL_config_android.h; sourceTree = "<group>"; };
		ECC325132255A1D900C607F6 /* SDL_touch.h */ = {isa = PBXFileReference; fileEncoding = 4; lastKnownFileType = sourcecode.c.h; path = SDL_touch.h; sourceTree = "<group>"; };
		ECC325142255A1D900C607F6 /* SDL_opengles2.h */ = {isa = PBXFileReference; fileEncoding = 4; lastKnownFileType = sourcecode.c.h; path = SDL_opengles2.h; sourceTree = "<group>"; };
		ECC325152255A1D900C607F6 /* SDL_config_winrt.h */ = {isa = PBXFileReference; fileEncoding = 4; lastKnownFileType = sourcecode.c.h; path = SDL_config_winrt.h; sourceTree = "<group>"; };
		ECC325162255A1D900C607F6 /* SDL_test_images.h */ = {isa = PBXFileReference; fileEncoding = 4; lastKnownFileType = sourcecode.c.h; path = SDL_test_images.h; sourceTree = "<group>"; };
		ECC325172255A1D900C607F6 /* SDL_name.h */ = {isa = PBXFileReference; fileEncoding = 4; lastKnownFileType = sourcecode.c.h; path = SDL_name.h; sourceTree = "<group>"; };
		ECC325182255A1D900C607F6 /* SDL_platform.h */ = {isa = PBXFileReference; fileEncoding = 4; lastKnownFileType = sourcecode.c.h; path = SDL_platform.h; sourceTree = "<group>"; };
		ECC325192255A1D900C607F6 /* SDL_shape.h */ = {isa = PBXFileReference; fileEncoding = 4; lastKnownFileType = sourcecode.c.h; path = SDL_shape.h; sourceTree = "<group>"; };
		ECC3251A2255A1D900C607F6 /* SDL_config_minimal.h */ = {isa = PBXFileReference; fileEncoding = 4; lastKnownFileType = sourcecode.c.h; path = SDL_config_minimal.h; sourceTree = "<group>"; };
		ECC3251B2255A1D900C607F6 /* SDL_config.h.cmake */ = {isa = PBXFileReference; fileEncoding = 4; lastKnownFileType = text; path = SDL_config.h.cmake; sourceTree = "<group>"; };
		ECC3251C2255A1D900C607F6 /* SDL_loadso.h */ = {isa = PBXFileReference; fileEncoding = 4; lastKnownFileType = sourcecode.c.h; path = SDL_loadso.h; sourceTree = "<group>"; };
		ECC3251D2255A1D900C607F6 /* SDL_config_macosx.h */ = {isa = PBXFileReference; fileEncoding = 4; lastKnownFileType = sourcecode.c.h; path = SDL_config_macosx.h; sourceTree = "<group>"; };
		ECC3251E2255A1D900C607F6 /* SDL_test_common.h */ = {isa = PBXFileReference; fileEncoding = 4; lastKnownFileType = sourcecode.c.h; path = SDL_test_common.h; sourceTree = "<group>"; };
		ECC3251F2255A1D900C607F6 /* SDL_config.h */ = {isa = PBXFileReference; fileEncoding = 4; lastKnownFileType = sourcecode.c.h; path = SDL_config.h; sourceTree = "<group>"; };
		ECC325202255A1D900C607F6 /* SDL_audio.h */ = {isa = PBXFileReference; fileEncoding = 4; lastKnownFileType = sourcecode.c.h; path = SDL_audio.h; sourceTree = "<group>"; };
		ECC325212255A1D900C607F6 /* SDL_sensor.h */ = {isa = PBXFileReference; fileEncoding = 4; lastKnownFileType = sourcecode.c.h; path = SDL_sensor.h; sourceTree = "<group>"; };
		ECC325222255A1D900C607F6 /* SDL_opengl.h */ = {isa = PBXFileReference; fileEncoding = 4; lastKnownFileType = sourcecode.c.h; path = SDL_opengl.h; sourceTree = "<group>"; };
		ECC325232255A1D900C607F6 /* SDL_blendmode.h */ = {isa = PBXFileReference; fileEncoding = 4; lastKnownFileType = sourcecode.c.h; path = SDL_blendmode.h; sourceTree = "<group>"; };
		ECC325242255A1D900C607F6 /* SDL_gesture.h */ = {isa = PBXFileReference; fileEncoding = 4; lastKnownFileType = sourcecode.c.h; path = SDL_gesture.h; sourceTree = "<group>"; };
		ECC325252255A1D900C607F6 /* SDL_test_fuzzer.h */ = {isa = PBXFileReference; fileEncoding = 4; lastKnownFileType = sourcecode.c.h; path = SDL_test_fuzzer.h; sourceTree = "<group>"; };
		ECC325262255A1D900C607F6 /* SDL_config_iphoneos.h */ = {isa = PBXFileReference; fileEncoding = 4; lastKnownFileType = sourcecode.c.h; path = SDL_config_iphoneos.h; sourceTree = "<group>"; };
		ECC325272255A1D900C607F6 /* SDL_opengles.h */ = {isa = PBXFileReference; fileEncoding = 4; lastKnownFileType = sourcecode.c.h; path = SDL_opengles.h; sourceTree = "<group>"; };
		ECC325282255A1D900C607F6 /* SDL_system.h */ = {isa = PBXFileReference; fileEncoding = 4; lastKnownFileType = sourcecode.c.h; path = SDL_system.h; sourceTree = "<group>"; };
		ECC325292255A1D900C607F6 /* SDL_hints.h */ = {isa = PBXFileReference; fileEncoding = 4; lastKnownFileType = sourcecode.c.h; path = SDL_hints.h; sourceTree = "<group>"; };
		ECC3252A2255A1D900C607F6 /* SDL_mouse.h */ = {isa = PBXFileReference; fileEncoding = 4; lastKnownFileType = sourcecode.c.h; path = SDL_mouse.h; sourceTree = "<group>"; };
		ECC3252B2255A1D900C607F6 /* SDL_timer.h */ = {isa = PBXFileReference; fileEncoding = 4; lastKnownFileType = sourcecode.c.h; path = SDL_timer.h; sourceTree = "<group>"; };
		ECC3252C2255A1D900C607F6 /* SDL_surface.h */ = {isa = PBXFileReference; fileEncoding = 4; lastKnownFileType = sourcecode.c.h; path = SDL_surface.h; sourceTree = "<group>"; };
		ECC3252D2255A1D900C607F6 /* SDL_atomic.h */ = {isa = PBXFileReference; fileEncoding = 4; lastKnownFileType = sourcecode.c.h; path = SDL_atomic.h; sourceTree = "<group>"; };
		ECC3252E2255A1D900C607F6 /* SDL_log.h */ = {isa = PBXFileReference; fileEncoding = 4; lastKnownFileType = sourcecode.c.h; path = SDL_log.h; sourceTree = "<group>"; };
		ECC3252F2255A1D900C607F6 /* SDL_rwops.h */ = {isa = PBXFileReference; fileEncoding = 4; lastKnownFileType = sourcecode.c.h; path = SDL_rwops.h; sourceTree = "<group>"; };
		ECC325302255A1D900C607F6 /* SDL_render.h */ = {isa = PBXFileReference; fileEncoding = 4; lastKnownFileType = sourcecode.c.h; path = SDL_render.h; sourceTree = "<group>"; };
		ECC325312255A1D900C607F6 /* SDL_syswm.h */ = {isa = PBXFileReference; fileEncoding = 4; lastKnownFileType = sourcecode.c.h; path = SDL_syswm.h; sourceTree = "<group>"; };
		ECC325322255A1D900C607F6 /* SDL_bits.h */ = {isa = PBXFileReference; fileEncoding = 4; lastKnownFileType = sourcecode.c.h; path = SDL_bits.h; sourceTree = "<group>"; };
		ECC325332255A1D900C607F6 /* SDL_video.h */ = {isa = PBXFileReference; fileEncoding = 4; lastKnownFileType = sourcecode.c.h; path = SDL_video.h; sourceTree = "<group>"; };
		ECC325342255A1D900C607F6 /* SDL_assert.h */ = {isa = PBXFileReference; fileEncoding = 4; lastKnownFileType = sourcecode.c.h; path = SDL_assert.h; sourceTree = "<group>"; };
		ECC325352255A1D900C607F6 /* SDL_version.h */ = {isa = PBXFileReference; fileEncoding = 4; lastKnownFileType = sourcecode.c.h; path = SDL_version.h; sourceTree = "<group>"; };
		ECC325362255A1D900C607F6 /* SDL_gamecontroller.h */ = {isa = PBXFileReference; fileEncoding = 4; lastKnownFileType = sourcecode.c.h; path = SDL_gamecontroller.h; sourceTree = "<group>"; };
		ECC325372255A1D900C607F6 /* SDL_config_windows.h */ = {isa = PBXFileReference; fileEncoding = 4; lastKnownFileType = sourcecode.c.h; path = SDL_config_windows.h; sourceTree = "<group>"; };
		ECC325382255A1D900C607F6 /* SDL_copying.h */ = {isa = PBXFileReference; fileEncoding = 4; lastKnownFileType = sourcecode.c.h; path = SDL_copying.h; sourceTree = "<group>"; };
		ECC325392255A1D900C607F6 /* SDL_thread.h */ = {isa = PBXFileReference; fileEncoding = 4; lastKnownFileType = sourcecode.c.h; path = SDL_thread.h; sourceTree = "<group>"; };
		ECC3253A2255A1D900C607F6 /* SDL_test_harness.h */ = {isa = PBXFileReference; fileEncoding = 4; lastKnownFileType = sourcecode.c.h; path = SDL_test_harness.h; sourceTree = "<group>"; };
		ECC3253B2255A1D900C607F6 /* SDL_rect.h */ = {isa = PBXFileReference; fileEncoding = 4; lastKnownFileType = sourcecode.c.h; path = SDL_rect.h; sourceTree = "<group>"; };
		ECC3253C2255A1D900C607F6 /* SDL_mutex.h */ = {isa = PBXFileReference; fileEncoding = 4; lastKnownFileType = sourcecode.c.h; path = SDL_mutex.h; sourceTree = "<group>"; };
		ECC3253D2255A1D900C607F6 /* close_code.h */ = {isa = PBXFileReference; fileEncoding = 4; lastKnownFileType = sourcecode.c.h; path = close_code.h; sourceTree = "<group>"; };
		ECC3253E2255A1D900C607F6 /* SDL_config.h.in */ = {isa = PBXFileReference; fileEncoding = 4; lastKnownFileType = text; path = SDL_config.h.in; sourceTree = "<group>"; };
		ECC3253F2255A1D900C607F6 /* SDL_config_wiz.h */ = {isa = PBXFileReference; fileEncoding = 4; lastKnownFileType = sourcecode.c.h; path = SDL_config_wiz.h; sourceTree = "<group>"; };
		ECC325402255A1D900C607F6 /* SDL_joystick.h */ = {isa = PBXFileReference; fileEncoding = 4; lastKnownFileType = sourcecode.c.h; path = SDL_joystick.h; sourceTree = "<group>"; };
		ECC325412255A1D900C607F6 /* SDL.h */ = {isa = PBXFileReference; fileEncoding = 4; lastKnownFileType = sourcecode.c.h; path = SDL.h; sourceTree = "<group>"; };
		ECC325422255A1D900C607F6 /* SDL_filesystem.h */ = {isa = PBXFileReference; fileEncoding = 4; lastKnownFileType = sourcecode.c.h; path = SDL_filesystem.h; sourceTree = "<group>"; };
		ECC325432255A1D900C607F6 /* SDL_messagebox.h */ = {isa = PBXFileReference; fileEncoding = 4; lastKnownFileType = sourcecode.c.h; path = SDL_messagebox.h; sourceTree = "<group>"; };
		ECC325442255A1D900C607F6 /* SDL_opengles2_gl2platform.h */ = {isa = PBXFileReference; fileEncoding = 4; lastKnownFileType = sourcecode.c.h; path = SDL_opengles2_gl2platform.h; sourceTree = "<group>"; };
		ECC325452255A1D900C607F6 /* SDL_opengles2_khrplatform.h */ = {isa = PBXFileReference; fileEncoding = 4; lastKnownFileType = sourcecode.c.h; path = SDL_opengles2_khrplatform.h; sourceTree = "<group>"; };
		ECC325462255A1D900C607F6 /* SDL_test_md5.h */ = {isa = PBXFileReference; fileEncoding = 4; lastKnownFileType = sourcecode.c.h; path = SDL_test_md5.h; sourceTree = "<group>"; };
		ECC325472255A1D900C607F6 /* SDL_config_os2.h */ = {isa = PBXFileReference; fileEncoding = 4; lastKnownFileType = sourcecode.c.h; path = SDL_config_os2.h; sourceTree = "<group>"; };
		ECC325482255A1D900C607F6 /* SDL_pixels.h */ = {isa = PBXFileReference; fileEncoding = 4; lastKnownFileType = sourcecode.c.h; path = SDL_pixels.h; sourceTree = "<group>"; };
		ECC325492255A1D900C607F6 /* SDL_cpuinfo.h */ = {isa = PBXFileReference; fileEncoding = 4; lastKnownFileType = sourcecode.c.h; path = SDL_cpuinfo.h; sourceTree = "<group>"; };
		ECC3254A2255A1D900C607F6 /* SDL_test_compare.h */ = {isa = PBXFileReference; fileEncoding = 4; lastKnownFileType = sourcecode.c.h; path = SDL_test_compare.h; sourceTree = "<group>"; };
		ECC3254B2255A1D900C607F6 /* SDL_opengles2_gl2.h */ = {isa = PBXFileReference; fileEncoding = 4; lastKnownFileType = sourcecode.c.h; path = SDL_opengles2_gl2.h; sourceTree = "<group>"; };
/* End PBXFileReference section */

/* Begin PBXFrameworksBuildPhase section */
		EC55FB2B22544B6C0092F0BE /* Frameworks */ = {
			isa = PBXFrameworksBuildPhase;
			buildActionMask = 2147483647;
			files = (
				ECC3254E2255A20100C607F6 /* libSDL2.dylib in Frameworks */,
			);
			runOnlyForDeploymentPostprocessing = 0;
		};
/* End PBXFrameworksBuildPhase section */

/* Begin PBXGroup section */
		EC55FB2522544B6C0092F0BE = {
			isa = PBXGroup;
			children = (
				EC55FB3022544B6C0092F0BE /* Gameboy */,
				EC55FB2F22544B6C0092F0BE /* Products */,
				EC55FBAD22544BEB0092F0BE /* Frameworks */,
			);
			sourceTree = "<group>";
		};
		EC55FB2F22544B6C0092F0BE /* Products */ = {
			isa = PBXGroup;
			children = (
				EC55FB2E22544B6C0092F0BE /* Gameboy.app */,
			);
			name = Products;
			sourceTree = "<group>";
		};
		EC55FB3022544B6C0092F0BE /* Gameboy */ = {
			isa = PBXGroup;
			children = (
				ECC324F52255A1D900C607F6 /* include */,
				ECC324E62255A1CC00C607F6 /* SDL.xcodeproj */,
				EC55FBAF225450110092F0BE /* cpu_instrs.gb */,
				EC55FB3122544B6C0092F0BE /* AppDelegate.h */,
				EC55FB3222544B6C0092F0BE /* AppDelegate.m */,
				EC55FB3422544B6C0092F0BE /* ViewController.h */,
				EC55FB3522544B6C0092F0BE /* ViewController.m */,
				EC55FBB0225452030092F0BE /* PrefixHeader.pch */,
				EC55FB3722544B700092F0BE /* Assets.xcassets */,
				EC55FB3922544B700092F0BE /* Main.storyboard */,
				EC55FB3C22544B700092F0BE /* Info.plist */,
				EC55FB3D22544B700092F0BE /* main.m */,
				EC55FB3F22544B700092F0BE /* Gameboy.entitlements */,
				EC55FBB1225454930092F0BE /* GameboyCore.h */,
				EC55FBB2225454930092F0BE /* GameboyCore.m */,
			);
			path = Gameboy;
			sourceTree = "<group>";
		};
		EC55FBAD22544BEB0092F0BE /* Frameworks */ = {
			isa = PBXGroup;
			children = (
			);
			name = Frameworks;
			sourceTree = "<group>";
		};
		ECC324E72255A1CC00C607F6 /* Products */ = {
			isa = PBXGroup;
			children = (
				ECC324EE2255A1CC00C607F6 /* SDL2.framework */,
				ECC324F02255A1CC00C607F6 /* libSDL2.a */,
				ECC324F22255A1CC00C607F6 /* libSDL2.dylib */,
				ECC324F42255A1CC00C607F6 /* Standard DMG */,
			);
			name = Products;
			sourceTree = "<group>";
		};
		ECC324F52255A1D900C607F6 /* include */ = {
			isa = PBXGroup;
			children = (
				ECC324F62255A1D900C607F6 /* SDL_opengles2_gl2ext.h */,
				ECC324F72255A1D900C607F6 /* SDL_test_random.h */,
				ECC324F82255A1D900C607F6 /* SDL_power.h */,
				ECC324F92255A1D900C607F6 /* SDL_revision.h */,
				ECC324FA2255A1D900C607F6 /* SDL_events.h */,
				ECC324FB2255A1D900C607F6 /* SDL_clipboard.h */,
				ECC324FC2255A1D900C607F6 /* SDL_haptic.h */,
				ECC324FD2255A1D900C607F6 /* SDL_test.h */,
				ECC324FE2255A1D900C607F6 /* SDL_test_assert.h */,
				ECC324FF2255A1D900C607F6 /* SDL_endian.h */,
				ECC325002255A1D900C607F6 /* SDL_error.h */,
				ECC325012255A1D900C607F6 /* begin_code.h */,
				ECC325022255A1D900C607F6 /* SDL_types.h */,
				ECC325032255A1D900C607F6 /* SDL_keycode.h */,
				ECC325042255A1D900C607F6 /* SDL_keyboard.h */,
				ECC325052255A1D900C607F6 /* SDL_config_psp.h */,
				ECC325062255A1D900C607F6 /* SDL_opengl_glext.h */,
				ECC325072255A1D900C607F6 /* SDL_config_pandora.h */,
				ECC325082255A1D900C607F6 /* SDL_test_crc32.h */,
				ECC325092255A1D900C607F6 /* SDL_test_font.h */,
				ECC3250A2255A1D900C607F6 /* SDL_test_log.h */,
				ECC3250B2255A1D900C607F6 /* SDL_egl.h */,
				ECC3250C2255A1D900C607F6 /* SDL_vulkan.h */,
				ECC3250D2255A1D900C607F6 /* SDL_test_memory.h */,
				ECC3250E2255A1D900C607F6 /* SDL_main.h */,
				ECC3250F2255A1D900C607F6 /* SDL_stdinc.h */,
				ECC325102255A1D900C607F6 /* SDL_scancode.h */,
				ECC325112255A1D900C607F6 /* SDL_quit.h */,
				ECC325122255A1D900C607F6 /* SDL_config_android.h */,
				ECC325132255A1D900C607F6 /* SDL_touch.h */,
				ECC325142255A1D900C607F6 /* SDL_opengles2.h */,
				ECC325152255A1D900C607F6 /* SDL_config_winrt.h */,
				ECC325162255A1D900C607F6 /* SDL_test_images.h */,
				ECC325172255A1D900C607F6 /* SDL_name.h */,
				ECC325182255A1D900C607F6 /* SDL_platform.h */,
				ECC325192255A1D900C607F6 /* SDL_shape.h */,
				ECC3251A2255A1D900C607F6 /* SDL_config_minimal.h */,
				ECC3251B2255A1D900C607F6 /* SDL_config.h.cmake */,
				ECC3251C2255A1D900C607F6 /* SDL_loadso.h */,
				ECC3251D2255A1D900C607F6 /* SDL_config_macosx.h */,
				ECC3251E2255A1D900C607F6 /* SDL_test_common.h */,
				ECC3251F2255A1D900C607F6 /* SDL_config.h */,
				ECC325202255A1D900C607F6 /* SDL_audio.h */,
				ECC325212255A1D900C607F6 /* SDL_sensor.h */,
				ECC325222255A1D900C607F6 /* SDL_opengl.h */,
				ECC325232255A1D900C607F6 /* SDL_blendmode.h */,
				ECC325242255A1D900C607F6 /* SDL_gesture.h */,
				ECC325252255A1D900C607F6 /* SDL_test_fuzzer.h */,
				ECC325262255A1D900C607F6 /* SDL_config_iphoneos.h */,
				ECC325272255A1D900C607F6 /* SDL_opengles.h */,
				ECC325282255A1D900C607F6 /* SDL_system.h */,
				ECC325292255A1D900C607F6 /* SDL_hints.h */,
				ECC3252A2255A1D900C607F6 /* SDL_mouse.h */,
				ECC3252B2255A1D900C607F6 /* SDL_timer.h */,
				ECC3252C2255A1D900C607F6 /* SDL_surface.h */,
				ECC3252D2255A1D900C607F6 /* SDL_atomic.h */,
				ECC3252E2255A1D900C607F6 /* SDL_log.h */,
				ECC3252F2255A1D900C607F6 /* SDL_rwops.h */,
				ECC325302255A1D900C607F6 /* SDL_render.h */,
				ECC325312255A1D900C607F6 /* SDL_syswm.h */,
				ECC325322255A1D900C607F6 /* SDL_bits.h */,
				ECC325332255A1D900C607F6 /* SDL_video.h */,
				ECC325342255A1D900C607F6 /* SDL_assert.h */,
				ECC325352255A1D900C607F6 /* SDL_version.h */,
				ECC325362255A1D900C607F6 /* SDL_gamecontroller.h */,
				ECC325372255A1D900C607F6 /* SDL_config_windows.h */,
				ECC325382255A1D900C607F6 /* SDL_copying.h */,
				ECC325392255A1D900C607F6 /* SDL_thread.h */,
				ECC3253A2255A1D900C607F6 /* SDL_test_harness.h */,
				ECC3253B2255A1D900C607F6 /* SDL_rect.h */,
				ECC3253C2255A1D900C607F6 /* SDL_mutex.h */,
				ECC3253D2255A1D900C607F6 /* close_code.h */,
				ECC3253E2255A1D900C607F6 /* SDL_config.h.in */,
				ECC3253F2255A1D900C607F6 /* SDL_config_wiz.h */,
				ECC325402255A1D900C607F6 /* SDL_joystick.h */,
				ECC325412255A1D900C607F6 /* SDL.h */,
				ECC325422255A1D900C607F6 /* SDL_filesystem.h */,
				ECC325432255A1D900C607F6 /* SDL_messagebox.h */,
				ECC325442255A1D900C607F6 /* SDL_opengles2_gl2platform.h */,
				ECC325452255A1D900C607F6 /* SDL_opengles2_khrplatform.h */,
				ECC325462255A1D900C607F6 /* SDL_test_md5.h */,
				ECC325472255A1D900C607F6 /* SDL_config_os2.h */,
				ECC325482255A1D900C607F6 /* SDL_pixels.h */,
				ECC325492255A1D900C607F6 /* SDL_cpuinfo.h */,
				ECC3254A2255A1D900C607F6 /* SDL_test_compare.h */,
				ECC3254B2255A1D900C607F6 /* SDL_opengles2_gl2.h */,
			);
			name = include;
			path = "SDL2-2.0.9/include";
			sourceTree = SOURCE_ROOT;
		};
/* End PBXGroup section */

/* Begin PBXNativeTarget section */
		EC55FB2D22544B6C0092F0BE /* Gameboy */ = {
			isa = PBXNativeTarget;
			buildConfigurationList = EC55FB4222544B700092F0BE /* Build configuration list for PBXNativeTarget "Gameboy" */;
			buildPhases = (
				EC55FB2A22544B6C0092F0BE /* Sources */,
				EC55FB2B22544B6C0092F0BE /* Frameworks */,
				EC55FB2C22544B6C0092F0BE /* Resources */,
			);
			buildRules = (
			);
			dependencies = (
			);
			name = Gameboy;
			productName = Gameboy;
			productReference = EC55FB2E22544B6C0092F0BE /* Gameboy.app */;
			productType = "com.apple.product-type.application";
		};
/* End PBXNativeTarget section */

/* Begin PBXProject section */
		EC55FB2622544B6C0092F0BE /* Project object */ = {
			isa = PBXProject;
			attributes = {
				LastUpgradeCheck = 1010;
				ORGANIZATIONNAME = oneflare;
				TargetAttributes = {
					EC55FB2D22544B6C0092F0BE = {
						CreatedOnToolsVersion = 10.1;
					};
				};
			};
			buildConfigurationList = EC55FB2922544B6C0092F0BE /* Build configuration list for PBXProject "Gameboy" */;
			compatibilityVersion = "Xcode 9.3";
			developmentRegion = en;
			hasScannedForEncodings = 0;
			knownRegions = (
				en,
				Base,
			);
			mainGroup = EC55FB2522544B6C0092F0BE;
			productRefGroup = EC55FB2F22544B6C0092F0BE /* Products */;
			projectDirPath = "";
			projectReferences = (
				{
					ProductGroup = ECC324E72255A1CC00C607F6 /* Products */;
					ProjectRef = ECC324E62255A1CC00C607F6 /* SDL.xcodeproj */;
				},
			);
			projectRoot = "";
			targets = (
				EC55FB2D22544B6C0092F0BE /* Gameboy */,
			);
		};
/* End PBXProject section */

/* Begin PBXReferenceProxy section */
		ECC324EE2255A1CC00C607F6 /* SDL2.framework */ = {
			isa = PBXReferenceProxy;
			fileType = wrapper.framework;
			path = SDL2.framework;
			remoteRef = ECC324ED2255A1CC00C607F6 /* PBXContainerItemProxy */;
			sourceTree = BUILT_PRODUCTS_DIR;
		};
		ECC324F02255A1CC00C607F6 /* libSDL2.a */ = {
			isa = PBXReferenceProxy;
			fileType = archive.ar;
			path = libSDL2.a;
			remoteRef = ECC324EF2255A1CC00C607F6 /* PBXContainerItemProxy */;
			sourceTree = BUILT_PRODUCTS_DIR;
		};
		ECC324F22255A1CC00C607F6 /* libSDL2.dylib */ = {
			isa = PBXReferenceProxy;
			fileType = "compiled.mach-o.dylib";
			path = libSDL2.dylib;
			remoteRef = ECC324F12255A1CC00C607F6 /* PBXContainerItemProxy */;
			sourceTree = BUILT_PRODUCTS_DIR;
		};
		ECC324F42255A1CC00C607F6 /* Standard DMG */ = {
			isa = PBXReferenceProxy;
			fileType = "compiled.mach-o.executable";
			path = "Standard DMG";
			remoteRef = ECC324F32255A1CC00C607F6 /* PBXContainerItemProxy */;
			sourceTree = BUILT_PRODUCTS_DIR;
		};
/* End PBXReferenceProxy section */

/* Begin PBXResourcesBuildPhase section */
		EC55FB2C22544B6C0092F0BE /* Resources */ = {
			isa = PBXResourcesBuildPhase;
			buildActionMask = 2147483647;
			files = (
				EC55FB3822544B700092F0BE /* Assets.xcassets in Resources */,
				ECC3254C2255A1D900C607F6 /* SDL_config.h.cmake in Resources */,
				ECC3254D2255A1DA00C607F6 /* SDL_config.h.in in Resources */,
				EC55FB3B22544B700092F0BE /* Main.storyboard in Resources */,
			);
			runOnlyForDeploymentPostprocessing = 0;
		};
/* End PBXResourcesBuildPhase section */

/* Begin PBXSourcesBuildPhase section */
		EC55FB2A22544B6C0092F0BE /* Sources */ = {
			isa = PBXSourcesBuildPhase;
			buildActionMask = 2147483647;
			files = (
				EC55FB3622544B6C0092F0BE /* ViewController.m in Sources */,
				EC55FBB3225454930092F0BE /* GameboyCore.m in Sources */,
				EC55FB3E22544B700092F0BE /* main.m in Sources */,
				EC55FB3322544B6C0092F0BE /* AppDelegate.m in Sources */,
			);
			runOnlyForDeploymentPostprocessing = 0;
		};
/* End PBXSourcesBuildPhase section */

/* Begin PBXVariantGroup section */
		EC55FB3922544B700092F0BE /* Main.storyboard */ = {
			isa = PBXVariantGroup;
			children = (
				EC55FB3A22544B700092F0BE /* Base */,
			);
			name = Main.storyboard;
			sourceTree = "<group>";
		};
/* End PBXVariantGroup section */

/* Begin XCBuildConfiguration section */
		EC55FB4022544B700092F0BE /* Debug */ = {
			isa = XCBuildConfiguration;
			buildSettings = {
				ALWAYS_SEARCH_USER_PATHS = NO;
				CLANG_ANALYZER_NONNULL = YES;
				CLANG_ANALYZER_NUMBER_OBJECT_CONVERSION = YES_AGGRESSIVE;
				CLANG_CXX_LANGUAGE_STANDARD = "gnu++14";
				CLANG_CXX_LIBRARY = "libc++";
				CLANG_ENABLE_MODULES = YES;
				CLANG_ENABLE_OBJC_ARC = YES;
				CLANG_ENABLE_OBJC_WEAK = YES;
				CLANG_WARN_BLOCK_CAPTURE_AUTORELEASING = YES;
				CLANG_WARN_BOOL_CONVERSION = YES;
				CLANG_WARN_COMMA = YES;
				CLANG_WARN_CONSTANT_CONVERSION = YES;
				CLANG_WARN_DEPRECATED_OBJC_IMPLEMENTATIONS = YES;
				CLANG_WARN_DIRECT_OBJC_ISA_USAGE = YES_ERROR;
				CLANG_WARN_DOCUMENTATION_COMMENTS = YES;
				CLANG_WARN_EMPTY_BODY = YES;
				CLANG_WARN_ENUM_CONVERSION = YES;
				CLANG_WARN_INFINITE_RECURSION = YES;
				CLANG_WARN_INT_CONVERSION = YES;
				CLANG_WARN_NON_LITERAL_NULL_CONVERSION = YES;
				CLANG_WARN_OBJC_IMPLICIT_RETAIN_SELF = YES;
				CLANG_WARN_OBJC_LITERAL_CONVERSION = YES;
				CLANG_WARN_OBJC_ROOT_CLASS = YES_ERROR;
				CLANG_WARN_RANGE_LOOP_ANALYSIS = YES;
				CLANG_WARN_STRICT_PROTOTYPES = YES;
				CLANG_WARN_SUSPICIOUS_MOVE = YES;
				CLANG_WARN_UNGUARDED_AVAILABILITY = YES_AGGRESSIVE;
				CLANG_WARN_UNREACHABLE_CODE = YES;
				CLANG_WARN__DUPLICATE_METHOD_MATCH = YES;
				CODE_SIGN_IDENTITY = "Mac Developer";
				COPY_PHASE_STRIP = NO;
				DEBUG_INFORMATION_FORMAT = dwarf;
				ENABLE_STRICT_OBJC_MSGSEND = YES;
				ENABLE_TESTABILITY = YES;
				GCC_C_LANGUAGE_STANDARD = gnu11;
				GCC_DYNAMIC_NO_PIC = NO;
				GCC_NO_COMMON_BLOCKS = YES;
				GCC_OPTIMIZATION_LEVEL = 0;
				GCC_PREPROCESSOR_DEFINITIONS = (
					"DEBUG=1",
					"$(inherited)",
				);
				GCC_WARN_64_TO_32_BIT_CONVERSION = YES;
				GCC_WARN_ABOUT_RETURN_TYPE = YES_ERROR;
				GCC_WARN_UNDECLARED_SELECTOR = YES;
				GCC_WARN_UNINITIALIZED_AUTOS = YES_AGGRESSIVE;
				GCC_WARN_UNUSED_FUNCTION = YES;
				GCC_WARN_UNUSED_VARIABLE = YES;
				MACOSX_DEPLOYMENT_TARGET = 10.13;
				MTL_ENABLE_DEBUG_INFO = INCLUDE_SOURCE;
				MTL_FAST_MATH = YES;
				ONLY_ACTIVE_ARCH = YES;
				SDKROOT = macosx;
			};
			name = Debug;
		};
		EC55FB4122544B700092F0BE /* Release */ = {
			isa = XCBuildConfiguration;
			buildSettings = {
				ALWAYS_SEARCH_USER_PATHS = NO;
				CLANG_ANALYZER_NONNULL = YES;
				CLANG_ANALYZER_NUMBER_OBJECT_CONVERSION = YES_AGGRESSIVE;
				CLANG_CXX_LANGUAGE_STANDARD = "gnu++14";
				CLANG_CXX_LIBRARY = "libc++";
				CLANG_ENABLE_MODULES = YES;
				CLANG_ENABLE_OBJC_ARC = YES;
				CLANG_ENABLE_OBJC_WEAK = YES;
				CLANG_WARN_BLOCK_CAPTURE_AUTORELEASING = YES;
				CLANG_WARN_BOOL_CONVERSION = YES;
				CLANG_WARN_COMMA = YES;
				CLANG_WARN_CONSTANT_CONVERSION = YES;
				CLANG_WARN_DEPRECATED_OBJC_IMPLEMENTATIONS = YES;
				CLANG_WARN_DIRECT_OBJC_ISA_USAGE = YES_ERROR;
				CLANG_WARN_DOCUMENTATION_COMMENTS = YES;
				CLANG_WARN_EMPTY_BODY = YES;
				CLANG_WARN_ENUM_CONVERSION = YES;
				CLANG_WARN_INFINITE_RECURSION = YES;
				CLANG_WARN_INT_CONVERSION = YES;
				CLANG_WARN_NON_LITERAL_NULL_CONVERSION = YES;
				CLANG_WARN_OBJC_IMPLICIT_RETAIN_SELF = YES;
				CLANG_WARN_OBJC_LITERAL_CONVERSION = YES;
				CLANG_WARN_OBJC_ROOT_CLASS = YES_ERROR;
				CLANG_WARN_RANGE_LOOP_ANALYSIS = YES;
				CLANG_WARN_STRICT_PROTOTYPES = YES;
				CLANG_WARN_SUSPICIOUS_MOVE = YES;
				CLANG_WARN_UNGUARDED_AVAILABILITY = YES_AGGRESSIVE;
				CLANG_WARN_UNREACHABLE_CODE = YES;
				CLANG_WARN__DUPLICATE_METHOD_MATCH = YES;
				CODE_SIGN_IDENTITY = "Mac Developer";
				COPY_PHASE_STRIP = NO;
				DEBUG_INFORMATION_FORMAT = "dwarf-with-dsym";
				ENABLE_NS_ASSERTIONS = NO;
				ENABLE_STRICT_OBJC_MSGSEND = YES;
				GCC_C_LANGUAGE_STANDARD = gnu11;
				GCC_NO_COMMON_BLOCKS = YES;
				GCC_WARN_64_TO_32_BIT_CONVERSION = YES;
				GCC_WARN_ABOUT_RETURN_TYPE = YES_ERROR;
				GCC_WARN_UNDECLARED_SELECTOR = YES;
				GCC_WARN_UNINITIALIZED_AUTOS = YES_AGGRESSIVE;
				GCC_WARN_UNUSED_FUNCTION = YES;
				GCC_WARN_UNUSED_VARIABLE = YES;
				MACOSX_DEPLOYMENT_TARGET = 10.13;
				MTL_ENABLE_DEBUG_INFO = NO;
				MTL_FAST_MATH = YES;
				SDKROOT = macosx;
			};
			name = Release;
		};
		EC55FB4322544B700092F0BE /* Debug */ = {
			isa = XCBuildConfiguration;
			buildSettings = {
				ASSETCATALOG_COMPILER_APPICON_NAME = AppIcon;
				CODE_SIGN_ENTITLEMENTS = Gameboy/Gameboy.entitlements;
				CODE_SIGN_IDENTITY = "Mac Developer";
				CODE_SIGN_STYLE = Automatic;
				COMBINE_HIDPI_IMAGES = YES;
				DEVELOPMENT_TEAM = "";
				GCC_PREFIX_HEADER = "$(SRCROOT)/$(PROJECT_NAME)/PrefixHeader.pch";
				INFOPLIST_FILE = Gameboy/Info.plist;
				LD_RUNPATH_SEARCH_PATHS = (
					"$(inherited)",
					"@executable_path/../Frameworks",
				);
				PRODUCT_BUNDLE_IDENTIFIER = com.oneflare.Gameboy;
				PRODUCT_NAME = "$(TARGET_NAME)";
				PROVISIONING_PROFILE_SPECIFIER = "";
			};
			name = Debug;
		};
		EC55FB4422544B700092F0BE /* Release */ = {
			isa = XCBuildConfiguration;
			buildSettings = {
				ASSETCATALOG_COMPILER_APPICON_NAME = AppIcon;
				CODE_SIGN_ENTITLEMENTS = Gameboy/Gameboy.entitlements;
				CODE_SIGN_IDENTITY = "Mac Developer";
				CODE_SIGN_STYLE = Automatic;
				COMBINE_HIDPI_IMAGES = YES;
				DEVELOPMENT_TEAM = "";
				GCC_PREFIX_HEADER = "$(SRCROOT)/$(PROJECT_NAME)/PrefixHeader.pch";
				INFOPLIST_FILE = Gameboy/Info.plist;
				LD_RUNPATH_SEARCH_PATHS = (
					"$(inherited)",
					"@executable_path/../Frameworks",
				);
				PRODUCT_BUNDLE_IDENTIFIER = com.oneflare.Gameboy;
				PRODUCT_NAME = "$(TARGET_NAME)";
				PROVISIONING_PROFILE_SPECIFIER = "";
			};
			name = Release;
		};
/* End XCBuildConfiguration section */

/* Begin XCConfigurationList section */
		EC55FB2922544B6C0092F0BE /* Build configuration list for PBXProject "Gameboy" */ = {
			isa = XCConfigurationList;
			buildConfigurations = (
				EC55FB4022544B700092F0BE /* Debug */,
				EC55FB4122544B700092F0BE /* Release */,
			);
			defaultConfigurationIsVisible = 0;
			defaultConfigurationName = Release;
		};
		EC55FB4222544B700092F0BE /* Build configuration list for PBXNativeTarget "Gameboy" */ = {
			isa = XCConfigurationList;
			buildConfigurations = (
				EC55FB4322544B700092F0BE /* Debug */,
				EC55FB4422544B700092F0BE /* Release */,
			);
			defaultConfigurationIsVisible = 0;
			defaultConfigurationName = Release;
		};
/* End XCConfigurationList section */
	};
	rootObject = EC55FB2622544B6C0092F0BE /* Project object */;
}
